
Microsoft Visual Studio Solution File, Format Version 12.00
# Visual Studio Version 16
VisualStudioVersion = 16.0.31702.278
MinimumVisualStudioVersion = 10.0.40219.1
Project("{FAE04EC0-301F-11D3-BF4B-00C04F79EFBC}") = "FinalProject", "FinalProject\FinalProject.csproj", "{B5FDC512-AB8A-45B1-8BB6-B80863D96693}"
EndProject
Global
	GlobalSection(SolutionConfigurationPlatforms) = preSolution
		Debug|Any CPU = Debug|Any CPU
		Release|Any CPU = Release|Any CPU
	EndGlobalSection
	GlobalSection(ProjectConfigurationPlatforms) = postSolution
		{B5FDC512-AB8A-45B1-8BB6-B80863D96693}.Debug|Any CPU.ActiveCfg = Debug|Any CPU
		{B5FDC512-AB8A-45B1-8BB6-B80863D96693}.Debug|Any CPU.Build.0 = Debug|Any CPU
		{B5FDC512-AB8A-45B1-8BB6-B80863D96693}.Release|Any CPU.ActiveCfg = Release|Any CPU
		{B5FDC512-AB8A-45B1-8BB6-B80863D96693}.Release|Any CPU.Build.0 = Release|Any CPU
	EndGlobalSection
	GlobalSection(SolutionProperties) = preSolution
		HideSolutionNode = FALSE
	EndGlobalSection
	GlobalSection(ExtensibilityGlobals) = postSolution
		SolutionGuid = {6858C9D7-4936-4449-B08F-46509C6E0BD2}
	EndGlobalSection
EndGlobal
